
Microsoft Visual Studio Solution File, Format Version 12.00
# Visual Studio Version 17
VisualStudioVersion = 17.7.34202.233
MinimumVisualStudioVersion = 10.0.40219.1
Project("{9A19103F-16F7-4668-BE54-9A1E7A4F7556}") = "Healthy Haven", "Healthy Haven\Healthy Haven.csproj", "{B25071D2-BC66-4004-94EE-56CC2B02FB2B}"
EndProject
Global
	GlobalSection(SolutionConfigurationPlatforms) = preSolution
		Debug|Any CPU = Debug|Any CPU
		Release|Any CPU = Release|Any CPU
	EndGlobalSection
	GlobalSection(ProjectConfigurationPlatforms) = postSolution
		{B25071D2-BC66-4004-94EE-56CC2B02FB2B}.Debug|Any CPU.ActiveCfg = Debug|Any CPU
		{B25071D2-BC66-4004-94EE-56CC2B02FB2B}.Debug|Any CPU.Build.0 = Debug|Any CPU
		{B25071D2-BC66-4004-94EE-56CC2B02FB2B}.Release|Any CPU.ActiveCfg = Release|Any CPU
		{B25071D2-BC66-4004-94EE-56CC2B02FB2B}.Release|Any CPU.Build.0 = Release|Any CPU
	EndGlobalSection
	GlobalSection(SolutionProperties) = preSolution
		HideSolutionNode = FALSE
	EndGlobalSection
	GlobalSection(ExtensibilityGlobals) = postSolution
		SolutionGuid = {5B6711E2-A948-4BA9-8EEB-35ECC66059F3}
	EndGlobalSection
EndGlobal
